
Microsoft Visual Studio Solution File, Format Version 12.00
Project("{FAE04EC0-301F-11D3-BF4B-00C04F79EFBC}") = "Transpiler", "Transpiler\Transpiler.csproj", "{E88FF8E5-4DAF-4178-9C33-5E9F41BAE239}"
EndProject
Project("{FAE04EC0-301F-11D3-BF4B-00C04F79EFBC}") = "Transpiler.Tests", "Transpiler.Tests\Transpiler.Tests.csproj", "{1CCD9B20-8B16-49FF-A513-FDAB08C6BEB1}"
EndProject
Project("{FAE04EC0-301F-11D3-BF4B-00C04F79EFBC}") = "Transpiler.Engine", "Transpiler.Engine\Transpiler.Engine.csproj", "{30169642-9E21-459F-8CF1-9E13F8461E05}"
EndProject
Project("{FAE04EC0-301F-11D3-BF4B-00C04F79EFBC}") = "Transpiler.Dialects", "Transpiler.Dialects\Transpiler.Dialects.csproj", "{59E378A6-941C-44CF-9EA0-9195975F742F}"
EndProject
Global
	GlobalSection(SolutionConfigurationPlatforms) = preSolution
		Debug|Any CPU = Debug|Any CPU
		Release|Any CPU = Release|Any CPU
	EndGlobalSection
	GlobalSection(ProjectConfigurationPlatforms) = postSolution
		{E88FF8E5-4DAF-4178-9C33-5E9F41BAE239}.Debug|Any CPU.ActiveCfg = Debug|Any CPU
		{E88FF8E5-4DAF-4178-9C33-5E9F41BAE239}.Debug|Any CPU.Build.0 = Debug|Any CPU
		{E88FF8E5-4DAF-4178-9C33-5E9F41BAE239}.Release|Any CPU.ActiveCfg = Release|Any CPU
		{E88FF8E5-4DAF-4178-9C33-5E9F41BAE239}.Release|Any CPU.Build.0 = Release|Any CPU
		{1CCD9B20-8B16-49FF-A513-FDAB08C6BEB1}.Debug|Any CPU.ActiveCfg = Debug|Any CPU
		{1CCD9B20-8B16-49FF-A513-FDAB08C6BEB1}.Debug|Any CPU.Build.0 = Debug|Any CPU
		{1CCD9B20-8B16-49FF-A513-FDAB08C6BEB1}.Release|Any CPU.ActiveCfg = Release|Any CPU
		{1CCD9B20-8B16-49FF-A513-FDAB08C6BEB1}.Release|Any CPU.Build.0 = Release|Any CPU
		{30169642-9E21-459F-8CF1-9E13F8461E05}.Debug|Any CPU.ActiveCfg = Debug|Any CPU
		{30169642-9E21-459F-8CF1-9E13F8461E05}.Debug|Any CPU.Build.0 = Debug|Any CPU
		{30169642-9E21-459F-8CF1-9E13F8461E05}.Release|Any CPU.ActiveCfg = Release|Any CPU
		{30169642-9E21-459F-8CF1-9E13F8461E05}.Release|Any CPU.Build.0 = Release|Any CPU
		{59E378A6-941C-44CF-9EA0-9195975F742F}.Debug|Any CPU.ActiveCfg = Debug|Any CPU
		{59E378A6-941C-44CF-9EA0-9195975F742F}.Debug|Any CPU.Build.0 = Debug|Any CPU
		{59E378A6-941C-44CF-9EA0-9195975F742F}.Release|Any CPU.ActiveCfg = Release|Any CPU
		{59E378A6-941C-44CF-9EA0-9195975F742F}.Release|Any CPU.Build.0 = Release|Any CPU
	EndGlobalSection
EndGlobal
